
Microsoft Visual Studio Solution File, Format Version 12.00
# Visual Studio Version 16
VisualStudioVersion = 16.0.30717.126
MinimumVisualStudioVersion = 10.0.40219.1
Project("{9A19103F-16F7-4668-BE54-9A1E7A4F7556}") = "DepotDownloader", "DepotDownloader\DepotDownloader\DepotDownloader.csproj", "{6A26458B-632F-4968-9071-7751706EAD28}"
EndProject
Project("{9A19103F-16F7-4668-BE54-9A1E7A4F7556}") = "DotNetTools", "DotNetTools\DotNetTools.csproj", "{647252C2-DEE4-4AAC-A157-BF2CB06AFD99}"
EndProject
Project("{2150E333-8FDC-42A3-9474-1A3956D46DE8}") = "root", "root", "{26353BD2-9004-4EE6-846F-EAAEBA058759}"
EndProject
Project("{2150E333-8FDC-42A3-9474-1A3956D46DE8}") = "src", "src", "{503D7160-66C9-449D-B622-4F0D7DD7594B}"
EndProject
Project("{2150E333-8FDC-42A3-9474-1A3956D46DE8}") = "github", "github", "{ED67E883-45CB-49DE-9E19-E221A2A631F8}"
	ProjectSection(SolutionItems) = preProject
		..\.github\resources\FileFilters.regexp = ..\.github\resources\FileFilters.regexp
		..\.github\workflows\sync.yml = ..\.github\workflows\sync.yml
	EndProjectSection
EndProject
Global
	GlobalSection(SolutionConfigurationPlatforms) = preSolution
		Debug|Any CPU = Debug|Any CPU
		Release|Any CPU = Release|Any CPU
	EndGlobalSection
	GlobalSection(ProjectConfigurationPlatforms) = postSolution
		{6A26458B-632F-4968-9071-7751706EAD28}.Debug|Any CPU.ActiveCfg = Debug|Any CPU
		{6A26458B-632F-4968-9071-7751706EAD28}.Debug|Any CPU.Build.0 = Debug|Any CPU
		{6A26458B-632F-4968-9071-7751706EAD28}.Release|Any CPU.ActiveCfg = Release|Any CPU
		{6A26458B-632F-4968-9071-7751706EAD28}.Release|Any CPU.Build.0 = Release|Any CPU
		{647252C2-DEE4-4AAC-A157-BF2CB06AFD99}.Debug|Any CPU.ActiveCfg = Debug|Any CPU
		{647252C2-DEE4-4AAC-A157-BF2CB06AFD99}.Debug|Any CPU.Build.0 = Debug|Any CPU
		{647252C2-DEE4-4AAC-A157-BF2CB06AFD99}.Release|Any CPU.ActiveCfg = Release|Any CPU
		{647252C2-DEE4-4AAC-A157-BF2CB06AFD99}.Release|Any CPU.Build.0 = Release|Any CPU
	EndGlobalSection
	GlobalSection(SolutionProperties) = preSolution
		HideSolutionNode = FALSE
	EndGlobalSection
	GlobalSection(NestedProjects) = preSolution
		{6A26458B-632F-4968-9071-7751706EAD28} = {503D7160-66C9-449D-B622-4F0D7DD7594B}
		{647252C2-DEE4-4AAC-A157-BF2CB06AFD99} = {503D7160-66C9-449D-B622-4F0D7DD7594B}
		{503D7160-66C9-449D-B622-4F0D7DD7594B} = {26353BD2-9004-4EE6-846F-EAAEBA058759}
		{ED67E883-45CB-49DE-9E19-E221A2A631F8} = {26353BD2-9004-4EE6-846F-EAAEBA058759}
	EndGlobalSection
	GlobalSection(ExtensibilityGlobals) = postSolution
		SolutionGuid = {AA50DE17-1765-4CE9-9D91-76BF91700749}
	EndGlobalSection
EndGlobal
